
Microsoft Visual Studio Solution File, Format Version 12.00
# Visual Studio Version 16
VisualStudioVersion = 16.0.29509.3
MinimumVisualStudioVersion = 10.0.40219.1
Project("{FAE04EC0-301F-11D3-BF4B-00C04F79EFBC}") = "01. The Hunting Games", "01. The Hunting Games\01. The Hunting Games.csproj", "{2C4F9938-660D-4112-B227-9B8A704D0FBD}"
EndProject
Project("{FAE04EC0-301F-11D3-BF4B-00C04F79EFBC}") = "02. Seize the Fire", "02. Seize the Fire\02. Seize the Fire.csproj", "{33EFB72C-C77A-4054-AECA-793B5AF4D19B}"
EndProject
Project("{FAE04EC0-301F-11D3-BF4B-00C04F79EFBC}") = "03. The Final Quest", "03. The Final Quest\03. The Final Quest.csproj", "{B8F68743-0ED1-448E-AFB3-97EB858ADA19}"
EndProject
Global
	GlobalSection(SolutionConfigurationPlatforms) = preSolution
		Debug|Any CPU = Debug|Any CPU
		Release|Any CPU = Release|Any CPU
	EndGlobalSection
	GlobalSection(ProjectConfigurationPlatforms) = postSolution
		{2C4F9938-660D-4112-B227-9B8A704D0FBD}.Debug|Any CPU.ActiveCfg = Debug|Any CPU
		{2C4F9938-660D-4112-B227-9B8A704D0FBD}.Debug|Any CPU.Build.0 = Debug|Any CPU
		{2C4F9938-660D-4112-B227-9B8A704D0FBD}.Release|Any CPU.ActiveCfg = Release|Any CPU
		{2C4F9938-660D-4112-B227-9B8A704D0FBD}.Release|Any CPU.Build.0 = Release|Any CPU
		{33EFB72C-C77A-4054-AECA-793B5AF4D19B}.Debug|Any CPU.ActiveCfg = Debug|Any CPU
		{33EFB72C-C77A-4054-AECA-793B5AF4D19B}.Debug|Any CPU.Build.0 = Debug|Any CPU
		{33EFB72C-C77A-4054-AECA-793B5AF4D19B}.Release|Any CPU.ActiveCfg = Release|Any CPU
		{33EFB72C-C77A-4054-AECA-793B5AF4D19B}.Release|Any CPU.Build.0 = Release|Any CPU
		{B8F68743-0ED1-448E-AFB3-97EB858ADA19}.Debug|Any CPU.ActiveCfg = Debug|Any CPU
		{B8F68743-0ED1-448E-AFB3-97EB858ADA19}.Debug|Any CPU.Build.0 = Debug|Any CPU
		{B8F68743-0ED1-448E-AFB3-97EB858ADA19}.Release|Any CPU.ActiveCfg = Release|Any CPU
		{B8F68743-0ED1-448E-AFB3-97EB858ADA19}.Release|Any CPU.Build.0 = Release|Any CPU
	EndGlobalSection
	GlobalSection(SolutionProperties) = preSolution
		HideSolutionNode = FALSE
	EndGlobalSection
	GlobalSection(ExtensibilityGlobals) = postSolution
		SolutionGuid = {D0F9EBCE-B4B7-440D-BF2F-154119862C4D}
	EndGlobalSection
EndGlobal
